
Microsoft Visual Studio Solution File, Format Version 12.00
# Visual Studio Version 16
VisualStudioVersion = 16.0.31729.503
MinimumVisualStudioVersion = 10.0.40219.1
Project("{FAE04EC0-301F-11D3-BF4B-00C04F79EFBC}") = "Fibonacci", "Fibonacci\Fibonacci.csproj", "{518C414A-8304-4227-A1B2-765F60324692}"
EndProject
Global
	GlobalSection(SolutionConfigurationPlatforms) = preSolution
		Debug|Any CPU = Debug|Any CPU
		Release|Any CPU = Release|Any CPU
	EndGlobalSection
	GlobalSection(ProjectConfigurationPlatforms) = postSolution
		{518C414A-8304-4227-A1B2-765F60324692}.Debug|Any CPU.ActiveCfg = Debug|Any CPU
		{518C414A-8304-4227-A1B2-765F60324692}.Debug|Any CPU.Build.0 = Debug|Any CPU
		{518C414A-8304-4227-A1B2-765F60324692}.Release|Any CPU.ActiveCfg = Release|Any CPU
		{518C414A-8304-4227-A1B2-765F60324692}.Release|Any CPU.Build.0 = Release|Any CPU
	EndGlobalSection
	GlobalSection(SolutionProperties) = preSolution
		HideSolutionNode = FALSE
	EndGlobalSection
	GlobalSection(ExtensibilityGlobals) = postSolution
		SolutionGuid = {7B0F8642-895C-4359-9AE4-87E0348564CA}
	EndGlobalSection
EndGlobal
